// !$*UTF8*$!
{
	archiveVersion = 1;
	classes = {
	};
	objectVersion = 50;
	objects = {

/* Begin PBXBuildFile section */
		7741A07423AB2E8E000CEF0D /* TMA2Question2.cpp in Sources */ = {isa = PBXBuildFile; fileRef = 7741A07323AB2E8E000CEF0D /* TMA2Question2.cpp */; };
		77EDC48323B833B6008057BD /* TMA2Question1.cpp in Sources */ = {isa = PBXBuildFile; fileRef = 77EDC48223B833B6008057BD /* TMA2Question1.cpp */; };
		77EDC48523C2076B008057BD /* TMA2Question3.cpp in Sources */ = {isa = PBXBuildFile; fileRef = 77EDC48423C2076B008057BD /* TMA2Question3.cpp */; };
		77EDC48723C20E73008057BD /* TMA2Question4.cpp in Sources */ = {isa = PBXBuildFile; fileRef = 77EDC48623C20E73008057BD /* TMA2Question4.cpp */; };
/* End PBXBuildFile section */

/* Begin PBXCopyFilesBuildPhase section */
		7741A06E23AB2E8E000CEF0D /* CopyFiles */ = {
			isa = PBXCopyFilesBuildPhase;
			buildActionMask = 2147483647;
			dstPath = /usr/share/man/man1/;
			dstSubfolderSpec = 0;
			files = (
			);
			runOnlyForDeploymentPostprocessing = 1;
		};
/* End PBXCopyFilesBuildPhase section */

/* Begin PBXFileReference section */
		7741A07023AB2E8E000CEF0D /* Assignment_02 */ = {isa = PBXFileReference; explicitFileType = "compiled.mach-o.executable"; includeInIndex = 0; path = Assignment_02; sourceTree = BUILT_PRODUCTS_DIR; };
		7741A07323AB2E8E000CEF0D /* TMA2Question2.cpp */ = {isa = PBXFileReference; lastKnownFileType = sourcecode.cpp.cpp; path = TMA2Question2.cpp; sourceTree = "<group>"; };
		77EDC48223B833B6008057BD /* TMA2Question1.cpp */ = {isa = PBXFileReference; lastKnownFileType = sourcecode.cpp.cpp; path = TMA2Question1.cpp; sourceTree = "<group>"; };
		77EDC48423C2076B008057BD /* TMA2Question3.cpp */ = {isa = PBXFileReference; lastKnownFileType = sourcecode.cpp.cpp; path = TMA2Question3.cpp; sourceTree = "<group>"; };
		77EDC48623C20E73008057BD /* TMA2Question4.cpp */ = {isa = PBXFileReference; lastKnownFileType = sourcecode.cpp.cpp; path = TMA2Question4.cpp; sourceTree = "<group>"; };
/* End PBXFileReference section */

/* Begin PBXFrameworksBuildPhase section */
		7741A06D23AB2E8E000CEF0D /* Frameworks */ = {
			isa = PBXFrameworksBuildPhase;
			buildActionMask = 2147483647;
			files = (
			);
			runOnlyForDeploymentPostprocessing = 0;
		};
/* End PBXFrameworksBuildPhase section */

/* Begin PBXGroup section */
		7741A06723AB2E8E000CEF0D = {
			isa = PBXGroup;
			children = (
				7741A07223AB2E8E000CEF0D /* Assignment_02 */,
				7741A07123AB2E8E000CEF0D /* Products */,
			);
			sourceTree = "<group>";
		};
		7741A07123AB2E8E000CEF0D /* Products */ = {
			isa = PBXGroup;
			children = (
				7741A07023AB2E8E000CEF0D /* Assignment_02 */,
			);
			name = Products;
			sourceTree = "<group>";
		};
		7741A07223AB2E8E000CEF0D /* Assignment_02 */ = {
			isa = PBXGroup;
			children = (
				7741A07323AB2E8E000CEF0D /* TMA2Question2.cpp */,
				77EDC48223B833B6008057BD /* TMA2Question1.cpp */,
				77EDC48423C2076B008057BD /* TMA2Question3.cpp */,
				77EDC48623C20E73008057BD /* TMA2Question4.cpp */,
			);
			path = Assignment_02;
			sourceTree = "<group>";
		};
/* End PBXGroup section */

/* Begin PBXNativeTarget section */
		7741A06F23AB2E8E000CEF0D /* Assignment_02 */ = {
			isa = PBXNativeTarget;
			buildConfigurationList = 7741A07723AB2E8E000CEF0D /* Build configuration list for PBXNativeTarget "Assignment_02" */;
			buildPhases = (
				7741A06C23AB2E8E000CEF0D /* Sources */,
				7741A06D23AB2E8E000CEF0D /* Frameworks */,
				7741A06E23AB2E8E000CEF0D /* CopyFiles */,
			);
			buildRules = (
			);
			dependencies = (
			);
			name = Assignment_02;
			productName = Assignment_02;
			productReference = 7741A07023AB2E8E000CEF0D /* Assignment_02 */;
			productType = "com.apple.product-type.tool";
		};
/* End PBXNativeTarget section */

/* Begin PBXProject section */
		7741A06823AB2E8E000CEF0D /* Project object */ = {
			isa = PBXProject;
			attributes = {
				LastUpgradeCheck = 1130;
				ORGANIZATIONNAME = "Alvee Akash";
				TargetAttributes = {
					7741A06F23AB2E8E000CEF0D = {
						CreatedOnToolsVersion = 11.3;
					};
				};
			};
			buildConfigurationList = 7741A06B23AB2E8E000CEF0D /* Build configuration list for PBXProject "Assignment_02" */;
			compatibilityVersion = "Xcode 9.3";
			developmentRegion = en;
			hasScannedForEncodings = 0;
			knownRegions = (
				en,
				Base,
			);
			mainGroup = 7741A06723AB2E8E000CEF0D;
			productRefGroup = 7741A07123AB2E8E000CEF0D /* Products */;
			projectDirPath = "";
			projectRoot = "";
			targets = (
				7741A06F23AB2E8E000CEF0D /* Assignment_02 */,
			);
		};
/* End PBXProject section */

/* Begin PBXSourcesBuildPhase section */
		7741A06C23AB2E8E000CEF0D /* Sources */ = {
			isa = PBXSourcesBuildPhase;
			buildActionMask = 2147483647;
			files = (
				7741A07423AB2E8E000CEF0D /* TMA2Question2.cpp in Sources */,
				77EDC48523C2076B008057BD /* TMA2Question3.cpp in Sources */,
				77EDC48723C20E73008057BD /* TMA2Question4.cpp in Sources */,
				77EDC48323B833B6008057BD /* TMA2Question1.cpp in Sources */,
			);
			runOnlyForDeploymentPostprocessing = 0;
		};
/* End PBXSourcesBuildPhase section */

/* Begin XCBuildConfiguration section */
		7741A07523AB2E8E000CEF0D /* Debug */ = {
			isa = XCBuildConfiguration;
			buildSettings = {
				ALWAYS_SEARCH_USER_PATHS = NO;
				CLANG_ANALYZER_NONNULL = YES;
				CLANG_ANALYZER_NUMBER_OBJECT_CONVERSION = YES_AGGRESSIVE;
				CLANG_CXX_LANGUAGE_STANDARD = "gnu++14";
				CLANG_CXX_LIBRARY = "libc++";
				CLANG_ENABLE_MODULES = YES;
				CLANG_ENABLE_OBJC_ARC = YES;
				CLANG_ENABLE_OBJC_WEAK = YES;
				CLANG_WARN_BLOCK_CAPTURE_AUTORELEASING = YES;
				CLANG_WARN_BOOL_CONVERSION = YES;
				CLANG_WARN_COMMA = YES;
				CLANG_WARN_CONSTANT_CONVERSION = YES;
				CLANG_WARN_DEPRECATED_OBJC_IMPLEMENTATIONS = YES;
				CLANG_WARN_DIRECT_OBJC_ISA_USAGE = YES_ERROR;
				CLANG_WARN_DOCUMENTATION_COMMENTS = YES;
				CLANG_WARN_EMPTY_BODY = YES;
				CLANG_WARN_ENUM_CONVERSION = YES;
				CLANG_WARN_INFINITE_RECURSION = YES;
				CLANG_WARN_INT_CONVERSION = YES;
				CLANG_WARN_NON_LITERAL_NULL_CONVERSION = YES;
				CLANG_WARN_OBJC_IMPLICIT_RETAIN_SELF = YES;
				CLANG_WARN_OBJC_LITERAL_CONVERSION = YES;
				CLANG_WARN_OBJC_ROOT_CLASS = YES_ERROR;
				CLANG_WARN_RANGE_LOOP_ANALYSIS = YES;
				CLANG_WARN_STRICT_PROTOTYPES = YES;
				CLANG_WARN_SUSPICIOUS_MOVE = YES;
				CLANG_WARN_UNGUARDED_AVAILABILITY = YES_AGGRESSIVE;
				CLANG_WARN_UNREACHABLE_CODE = YES;
				CLANG_WARN__DUPLICATE_METHOD_MATCH = YES;
				COPY_PHASE_STRIP = NO;
				DEBUG_INFORMATION_FORMAT = dwarf;
				ENABLE_STRICT_OBJC_MSGSEND = YES;
				ENABLE_TESTABILITY = YES;
				GCC_C_LANGUAGE_STANDARD = gnu11;
				GCC_DYNAMIC_NO_PIC = NO;
				GCC_NO_COMMON_BLOCKS = YES;
				GCC_OPTIMIZATION_LEVEL = 0;
				GCC_PREPROCESSOR_DEFINITIONS = (
					"DEBUG=1",
					"$(inherited)",
				);
				GCC_WARN_64_TO_32_BIT_CONVERSION = YES;
				GCC_WARN_ABOUT_RETURN_TYPE = YES_ERROR;
				GCC_WARN_UNDECLARED_SELECTOR = YES;
				GCC_WARN_UNINITIALIZED_AUTOS = YES_AGGRESSIVE;
				GCC_WARN_UNUSED_FUNCTION = YES;
				GCC_WARN_UNUSED_VARIABLE = YES;
				MACOSX_DEPLOYMENT_TARGET = 10.15;
				MTL_ENABLE_DEBUG_INFO = INCLUDE_SOURCE;
				MTL_FAST_MATH = YES;
				ONLY_ACTIVE_ARCH = YES;
				SDKROOT = macosx;
			};
			name = Debug;
		};
		7741A07623AB2E8E000CEF0D /* Release */ = {
			isa = XCBuildConfiguration;
			buildSettings = {
				ALWAYS_SEARCH_USER_PATHS = NO;
				CLANG_ANALYZER_NONNULL = YES;
				CLANG_ANALYZER_NUMBER_OBJECT_CONVERSION = YES_AGGRESSIVE;
				CLANG_CXX_LANGUAGE_STANDARD = "gnu++14";
				CLANG_CXX_LIBRARY = "libc++";
				CLANG_ENABLE_MODULES = YES;
				CLANG_ENABLE_OBJC_ARC = YES;
				CLANG_ENABLE_OBJC_WEAK = YES;
				CLANG_WARN_BLOCK_CAPTURE_AUTORELEASING = YES;
				CLANG_WARN_BOOL_CONVERSION = YES;
				CLANG_WARN_COMMA = YES;
				CLANG_WARN_CONSTANT_CONVERSION = YES;
				CLANG_WARN_DEPRECATED_OBJC_IMPLEMENTATIONS = YES;
				CLANG_WARN_DIRECT_OBJC_ISA_USAGE = YES_ERROR;
				CLANG_WARN_DOCUMENTATION_COMMENTS = YES;
				CLANG_WARN_EMPTY_BODY = YES;
				CLANG_WARN_ENUM_CONVERSION = YES;
				CLANG_WARN_INFINITE_RECURSION = YES;
				CLANG_WARN_INT_CONVERSION = YES;
				CLANG_WARN_NON_LITERAL_NULL_CONVERSION = YES;
				CLANG_WARN_OBJC_IMPLICIT_RETAIN_SELF = YES;
				CLANG_WARN_OBJC_LITERAL_CONVERSION = YES;
				CLANG_WARN_OBJC_ROOT_CLASS = YES_ERROR;
				CLANG_WARN_RANGE_LOOP_ANALYSIS = YES;
				CLANG_WARN_STRICT_PROTOTYPES = YES;
				CLANG_WARN_SUSPICIOUS_MOVE = YES;
				CLANG_WARN_UNGUARDED_AVAILABILITY = YES_AGGRESSIVE;
				CLANG_WARN_UNREACHABLE_CODE = YES;
				CLANG_WARN__DUPLICATE_METHOD_MATCH = YES;
				COPY_PHASE_STRIP = NO;
				DEBUG_INFORMATION_FORMAT = "dwarf-with-dsym";
				ENABLE_NS_ASSERTIONS = NO;
				ENABLE_STRICT_OBJC_MSGSEND = YES;
				GCC_C_LANGUAGE_STANDARD = gnu11;
				GCC_NO_COMMON_BLOCKS = YES;
				GCC_WARN_64_TO_32_BIT_CONVERSION = YES;
				GCC_WARN_ABOUT_RETURN_TYPE = YES_ERROR;
				GCC_WARN_UNDECLARED_SELECTOR = YES;
				GCC_WARN_UNINITIALIZED_AUTOS = YES_AGGRESSIVE;
				GCC_WARN_UNUSED_FUNCTION = YES;
				GCC_WARN_UNUSED_VARIABLE = YES;
				MACOSX_DEPLOYMENT_TARGET = 10.15;
				MTL_ENABLE_DEBUG_INFO = NO;
				MTL_FAST_MATH = YES;
				SDKROOT = macosx;
			};
			name = Release;
		};
		7741A07823AB2E8E000CEF0D /* Debug */ = {
			isa = XCBuildConfiguration;
			buildSettings = {
				CODE_SIGN_STYLE = Automatic;
				DEVELOPMENT_TEAM = QQY6BMDKS6;
				ENABLE_HARDENED_RUNTIME = YES;
				PRODUCT_NAME = "$(TARGET_NAME)";
			};
			name = Debug;
		};
		7741A07923AB2E8E000CEF0D /* Release */ = {
			isa = XCBuildConfiguration;
			buildSettings = {
				CODE_SIGN_STYLE = Automatic;
				DEVELOPMENT_TEAM = QQY6BMDKS6;
				ENABLE_HARDENED_RUNTIME = YES;
				PRODUCT_NAME = "$(TARGET_NAME)";
			};
			name = Release;
		};
/* End XCBuildConfiguration section */

/* Begin XCConfigurationList section */
		7741A06B23AB2E8E000CEF0D /* Build configuration list for PBXProject "Assignment_02" */ = {
			isa = XCConfigurationList;
			buildConfigurations = (
				7741A07523AB2E8E000CEF0D /* Debug */,
				7741A07623AB2E8E000CEF0D /* Release */,
			);
			defaultConfigurationIsVisible = 0;
			defaultConfigurationName = Release;
		};
		7741A07723AB2E8E000CEF0D /* Build configuration list for PBXNativeTarget "Assignment_02" */ = {
			isa = XCConfigurationList;
			buildConfigurations = (
				7741A07823AB2E8E000CEF0D /* Debug */,
				7741A07923AB2E8E000CEF0D /* Release */,
			);
			defaultConfigurationIsVisible = 0;
			defaultConfigurationName = Release;
		};
/* End XCConfigurationList section */
	};
	rootObject = 7741A06823AB2E8E000CEF0D /* Project object */;
}
